
Microsoft Visual Studio Solution File, Format Version 12.00
# Visual Studio Version 17
VisualStudioVersion = 17.7.34202.233
MinimumVisualStudioVersion = 10.0.40219.1
Project("{FAE04EC0-301F-11D3-BF4B-00C04F79EFBC}") = "SoftDeleteMultilingualBaseDbContext", "SoftDeleteMultilingualBaseDbContext\SoftDeleteMultilingualBaseDbContext.csproj", "{31F021B1-DAAB-4E54-BAD7-BD6F6CCA4E10}"
EndProject
Global
	GlobalSection(SolutionConfigurationPlatforms) = preSolution
		Debug|Any CPU = Debug|Any CPU
		Release|Any CPU = Release|Any CPU
	EndGlobalSection
	GlobalSection(ProjectConfigurationPlatforms) = postSolution
		{31F021B1-DAAB-4E54-BAD7-BD6F6CCA4E10}.Debug|Any CPU.ActiveCfg = Debug|Any CPU
		{31F021B1-DAAB-4E54-BAD7-BD6F6CCA4E10}.Debug|Any CPU.Build.0 = Debug|Any CPU
		{31F021B1-DAAB-4E54-BAD7-BD6F6CCA4E10}.Release|Any CPU.ActiveCfg = Release|Any CPU
		{31F021B1-DAAB-4E54-BAD7-BD6F6CCA4E10}.Release|Any CPU.Build.0 = Release|Any CPU
	EndGlobalSection
	GlobalSection(SolutionProperties) = preSolution
		HideSolutionNode = FALSE
	EndGlobalSection
	GlobalSection(ExtensibilityGlobals) = postSolution
		SolutionGuid = {590CFC94-1207-4170-977B-FECB564F2881}
	EndGlobalSection
EndGlobal
